
Microsoft Visual Studio Solution File, Format Version 12.00
# Visual Studio Version 16
VisualStudioVersion = 16.0.28729.10
MinimumVisualStudioVersion = 10.0.40219.1
Project("{FAE04EC0-301F-11D3-BF4B-00C04F79EFBC}") = "Specification.Pattern", "Specification.Pattern\Specification.Pattern.csproj", "{DE72405B-F50E-428C-87B3-489A39DF62E0}"
EndProject
Project("{FAE04EC0-301F-11D3-BF4B-00C04F79EFBC}") = "Specification.Pattern.Tests", "Specification.Pattern.Tests\Specification.Pattern.Tests.csproj", "{183237C9-0630-41DF-894E-220E9D9D53B0}"
EndProject
Global
	GlobalSection(SolutionConfigurationPlatforms) = preSolution
		Debug|Any CPU = Debug|Any CPU
		Release|Any CPU = Release|Any CPU
	EndGlobalSection
	GlobalSection(ProjectConfigurationPlatforms) = postSolution
		{DE72405B-F50E-428C-87B3-489A39DF62E0}.Debug|Any CPU.ActiveCfg = Debug|Any CPU
		{DE72405B-F50E-428C-87B3-489A39DF62E0}.Debug|Any CPU.Build.0 = Debug|Any CPU
		{DE72405B-F50E-428C-87B3-489A39DF62E0}.Release|Any CPU.ActiveCfg = Release|Any CPU
		{DE72405B-F50E-428C-87B3-489A39DF62E0}.Release|Any CPU.Build.0 = Release|Any CPU
		{183237C9-0630-41DF-894E-220E9D9D53B0}.Debug|Any CPU.ActiveCfg = Debug|Any CPU
		{183237C9-0630-41DF-894E-220E9D9D53B0}.Debug|Any CPU.Build.0 = Debug|Any CPU
		{183237C9-0630-41DF-894E-220E9D9D53B0}.Release|Any CPU.ActiveCfg = Release|Any CPU
		{183237C9-0630-41DF-894E-220E9D9D53B0}.Release|Any CPU.Build.0 = Release|Any CPU
	EndGlobalSection
	GlobalSection(SolutionProperties) = preSolution
		HideSolutionNode = FALSE
	EndGlobalSection
	GlobalSection(ExtensibilityGlobals) = postSolution
		SolutionGuid = {DF7C3655-28EB-4363-8AC2-3E218A6AB462}
	EndGlobalSection
EndGlobal
